// !$*UTF8*$!
{
	archiveVersion = 1;
	classes = {
	};
	objectVersion = 56;
	objects = {

/* Begin PBXBuildFile section */
		95477DC2298EBD6600FB7754 /* PuddlesApp.swift in Sources */ = {isa = PBXBuildFile; fileRef = 95477DC1298EBD6600FB7754 /* PuddlesApp.swift */; };
		95477DC6298EBD6800FB7754 /* Assets.xcassets in Resources */ = {isa = PBXBuildFile; fileRef = 95477DC5298EBD6800FB7754 /* Assets.xcassets */; };
		95477DC9298EBD6800FB7754 /* Preview Assets.xcassets in Resources */ = {isa = PBXBuildFile; fileRef = 95477DC8298EBD6800FB7754 /* Preview Assets.xcassets */; };
		95477DD1298EBDA700FB7754 /* IdentifiedCollections in Frameworks */ = {isa = PBXBuildFile; productRef = 95477DD0298EBDA700FB7754 /* IdentifiedCollections */; };
		95477DD4298EBDB500FB7754 /* PreviewDebugTools in Frameworks */ = {isa = PBXBuildFile; productRef = 95477DD3298EBDB500FB7754 /* PreviewDebugTools */; };
		95477DD6298EBDB500FB7754 /* Puddles in Frameworks */ = {isa = PBXBuildFile; productRef = 95477DD5298EBDB500FB7754 /* Puddles */; };
		95477DD9298EBDBF00FB7754 /* AsyncAlgorithms in Frameworks */ = {isa = PBXBuildFile; productRef = 95477DD8298EBDBF00FB7754 /* AsyncAlgorithms */; };
		95477DE4298EBE4300FB7754 /* Faker.swift in Sources */ = {isa = PBXBuildFile; fileRef = 95477DE1298EBE4300FB7754 /* Faker.swift */; };
		95477DE5298EBE4300FB7754 /* Array+repeating.swift in Sources */ = {isa = PBXBuildFile; fileRef = 95477DE2298EBE4300FB7754 /* Array+repeating.swift */; };
		95477DE6298EBE4300FB7754 /* LoadingState.swift in Sources */ = {isa = PBXBuildFile; fileRef = 95477DE3298EBE4300FB7754 /* LoadingState.swift */; };
		95477DE9298EBE5000FB7754 /* Fakery in Frameworks */ = {isa = PBXBuildFile; productRef = 95477DE8298EBE5000FB7754 /* Fakery */; };
		95477DEB298EBECB00FB7754 /* AppNavigator.swift in Sources */ = {isa = PBXBuildFile; fileRef = 95477DEA298EBECB00FB7754 /* AppNavigator.swift */; };
		95477DED298EBFA900FB7754 /* Dashboard.swift in Sources */ = {isa = PBXBuildFile; fileRef = 95477DEC298EBFA900FB7754 /* Dashboard.swift */; };
		95477DEF298EC1DD00FB7754 /* DashboardView.swift in Sources */ = {isa = PBXBuildFile; fileRef = 95477DEE298EC1DD00FB7754 /* DashboardView.swift */; };
		95477DF1298EC8FB00FB7754 /* Thread.swift in Sources */ = {isa = PBXBuildFile; fileRef = 95477DF0298EC8FB00FB7754 /* Thread.swift */; };
		95477DF3298ECB4C00FB7754 /* BundleDetailView.swift in Sources */ = {isa = PBXBuildFile; fileRef = 95477DF2298ECB4C00FB7754 /* BundleDetailView.swift */; };
		9564567B298EE9E400F162DC /* ThreadHeader.swift in Sources */ = {isa = PBXBuildFile; fileRef = 9564567A298EE9E400F162DC /* ThreadHeader.swift */; };
		9564567D298EEA4400F162DC /* BundleListView.swift in Sources */ = {isa = PBXBuildFile; fileRef = 9564567C298EEA4400F162DC /* BundleListView.swift */; };
		9564567F298EED9F00F162DC /* ThreadList.swift in Sources */ = {isa = PBXBuildFile; fileRef = 9564567E298EED9F00F162DC /* ThreadList.swift */; };
		95645681298EF21700F162DC /* ThreadDetail.swift in Sources */ = {isa = PBXBuildFile; fileRef = 95645680298EF21700F162DC /* ThreadDetail.swift */; };
		95770C55298EE23000029310 /* ThreadItemView+Fact.swift in Sources */ = {isa = PBXBuildFile; fileRef = 95770C54298EE23000029310 /* ThreadItemView+Fact.swift */; };
		95770C57298EE29A00029310 /* ThreadItemView+LabeledImage.swift in Sources */ = {isa = PBXBuildFile; fileRef = 95770C56298EE29A00029310 /* ThreadItemView+LabeledImage.swift */; };
		95D9866729900F0E0061C1CE /* ThreadEditView.swift in Sources */ = {isa = PBXBuildFile; fileRef = 95D9866629900F0E0061C1CE /* ThreadEditView.swift */; };
		95D98669299011B60061C1CE /* ThreadEditNavigator.swift in Sources */ = {isa = PBXBuildFile; fileRef = 95D98668299011B60061C1CE /* ThreadEditNavigator.swift */; };
		95D9866B29901BC10061C1CE /* ThreadEdit.swift in Sources */ = {isa = PBXBuildFile; fileRef = 95D9866A29901BC10061C1CE /* ThreadEdit.swift */; };
/* End PBXBuildFile section */

/* Begin PBXFileReference section */
		95477DBE298EBD6600FB7754 /* PuddlesApp.app */ = {isa = PBXFileReference; explicitFileType = wrapper.application; includeInIndex = 0; path = PuddlesApp.app; sourceTree = BUILT_PRODUCTS_DIR; };
		95477DC1298EBD6600FB7754 /* PuddlesApp.swift */ = {isa = PBXFileReference; lastKnownFileType = sourcecode.swift; path = PuddlesApp.swift; sourceTree = "<group>"; };
		95477DC5298EBD6800FB7754 /* Assets.xcassets */ = {isa = PBXFileReference; lastKnownFileType = folder.assetcatalog; path = Assets.xcassets; sourceTree = "<group>"; };
		95477DC8298EBD6800FB7754 /* Preview Assets.xcassets */ = {isa = PBXFileReference; lastKnownFileType = folder.assetcatalog; path = "Preview Assets.xcassets"; sourceTree = "<group>"; };
		95477DDA298EBDE800FB7754 /* Puddles */ = {isa = PBXFileReference; lastKnownFileType = wrapper; name = Puddles; path = ../Puddles; sourceTree = "<group>"; };
		95477DE1298EBE4300FB7754 /* Faker.swift */ = {isa = PBXFileReference; fileEncoding = 4; lastKnownFileType = sourcecode.swift; path = Faker.swift; sourceTree = "<group>"; };
		95477DE2298EBE4300FB7754 /* Array+repeating.swift */ = {isa = PBXFileReference; fileEncoding = 4; lastKnownFileType = sourcecode.swift; path = "Array+repeating.swift"; sourceTree = "<group>"; };
		95477DE3298EBE4300FB7754 /* LoadingState.swift */ = {isa = PBXFileReference; fileEncoding = 4; lastKnownFileType = sourcecode.swift; path = LoadingState.swift; sourceTree = "<group>"; };
		95477DEA298EBECB00FB7754 /* AppNavigator.swift */ = {isa = PBXFileReference; lastKnownFileType = sourcecode.swift; path = AppNavigator.swift; sourceTree = "<group>"; };
		95477DEC298EBFA900FB7754 /* Dashboard.swift */ = {isa = PBXFileReference; lastKnownFileType = sourcecode.swift; path = Dashboard.swift; sourceTree = "<group>"; };
		95477DEE298EC1DD00FB7754 /* DashboardView.swift */ = {isa = PBXFileReference; lastKnownFileType = sourcecode.swift; path = DashboardView.swift; sourceTree = "<group>"; };
		95477DF0298EC8FB00FB7754 /* Thread.swift */ = {isa = PBXFileReference; lastKnownFileType = sourcecode.swift; path = Thread.swift; sourceTree = "<group>"; };
		95477DF2298ECB4C00FB7754 /* BundleDetailView.swift */ = {isa = PBXFileReference; lastKnownFileType = sourcecode.swift; path = BundleDetailView.swift; sourceTree = "<group>"; };
		9564567A298EE9E400F162DC /* ThreadHeader.swift */ = {isa = PBXFileReference; lastKnownFileType = sourcecode.swift; path = ThreadHeader.swift; sourceTree = "<group>"; };
		9564567C298EEA4400F162DC /* BundleListView.swift */ = {isa = PBXFileReference; lastKnownFileType = sourcecode.swift; path = BundleListView.swift; sourceTree = "<group>"; };
		9564567E298EED9F00F162DC /* ThreadList.swift */ = {isa = PBXFileReference; lastKnownFileType = sourcecode.swift; path = ThreadList.swift; sourceTree = "<group>"; };
		95645680298EF21700F162DC /* ThreadDetail.swift */ = {isa = PBXFileReference; lastKnownFileType = sourcecode.swift; path = ThreadDetail.swift; sourceTree = "<group>"; };
		95770C54298EE23000029310 /* ThreadItemView+Fact.swift */ = {isa = PBXFileReference; lastKnownFileType = sourcecode.swift; path = "ThreadItemView+Fact.swift"; sourceTree = "<group>"; };
		95770C56298EE29A00029310 /* ThreadItemView+LabeledImage.swift */ = {isa = PBXFileReference; lastKnownFileType = sourcecode.swift; path = "ThreadItemView+LabeledImage.swift"; sourceTree = "<group>"; };
		95D98665298FEF8B0061C1CE /* Info.plist */ = {isa = PBXFileReference; lastKnownFileType = text.plist; path = Info.plist; sourceTree = "<group>"; };
		95D9866629900F0E0061C1CE /* ThreadEditView.swift */ = {isa = PBXFileReference; lastKnownFileType = sourcecode.swift; path = ThreadEditView.swift; sourceTree = "<group>"; };
		95D98668299011B60061C1CE /* ThreadEditNavigator.swift */ = {isa = PBXFileReference; lastKnownFileType = sourcecode.swift; path = ThreadEditNavigator.swift; sourceTree = "<group>"; };
		95D9866A29901BC10061C1CE /* ThreadEdit.swift */ = {isa = PBXFileReference; lastKnownFileType = sourcecode.swift; path = ThreadEdit.swift; sourceTree = "<group>"; };
/* End PBXFileReference section */

/* Begin PBXFrameworksBuildPhase section */
		95477DBB298EBD6600FB7754 /* Frameworks */ = {
			isa = PBXFrameworksBuildPhase;
			buildActionMask = 2147483647;
			files = (
				95477DE9298EBE5000FB7754 /* Fakery in Frameworks */,
				95477DD6298EBDB500FB7754 /* Puddles in Frameworks */,
				95477DD1298EBDA700FB7754 /* IdentifiedCollections in Frameworks */,
				95477DD4298EBDB500FB7754 /* PreviewDebugTools in Frameworks */,
				95477DD9298EBDBF00FB7754 /* AsyncAlgorithms in Frameworks */,
			);
			runOnlyForDeploymentPostprocessing = 0;
		};
/* End PBXFrameworksBuildPhase section */

/* Begin PBXGroup section */
		95477DB5298EBD6600FB7754 = {
			isa = PBXGroup;
			children = (
				95477DDA298EBDE800FB7754 /* Puddles */,
				95477DC0298EBD6600FB7754 /* PuddlesApp */,
				95477DBF298EBD6600FB7754 /* Products */,
			);
			sourceTree = "<group>";
		};
		95477DBF298EBD6600FB7754 /* Products */ = {
			isa = PBXGroup;
			children = (
				95477DBE298EBD6600FB7754 /* PuddlesApp.app */,
			);
			name = Products;
			sourceTree = "<group>";
		};
		95477DC0298EBD6600FB7754 /* PuddlesApp */ = {
			isa = PBXGroup;
			children = (
				95D98665298FEF8B0061C1CE /* Info.plist */,
				95477DC1298EBD6600FB7754 /* PuddlesApp.swift */,
				95477DDE298EBE2700FB7754 /* Models */,
				95477DDF298EBE2900FB7754 /* Managers */,
				95477DDB298EBE1200FB7754 /* Coordinators */,
				95477DDD298EBE1E00FB7754 /* Views */,
				95477DE0298EBE3300FB7754 /* Helpers */,
				95477DC5298EBD6800FB7754 /* Assets.xcassets */,
				95477DC7298EBD6800FB7754 /* Preview Content */,
			);
			path = PuddlesApp;
			sourceTree = "<group>";
		};
		95477DC7298EBD6800FB7754 /* Preview Content */ = {
			isa = PBXGroup;
			children = (
				95477DC8298EBD6800FB7754 /* Preview Assets.xcassets */,
			);
			path = "Preview Content";
			sourceTree = "<group>";
		};
		95477DDB298EBE1200FB7754 /* Coordinators */ = {
			isa = PBXGroup;
			children = (
				95477DEA298EBECB00FB7754 /* AppNavigator.swift */,
				95477DEC298EBFA900FB7754 /* Dashboard.swift */,
				9564567E298EED9F00F162DC /* ThreadList.swift */,
				95645680298EF21700F162DC /* ThreadDetail.swift */,
				95D98668299011B60061C1CE /* ThreadEditNavigator.swift */,
				95D9866A29901BC10061C1CE /* ThreadEdit.swift */,
			);
			path = Coordinators;
			sourceTree = "<group>";
		};
		95477DDD298EBE1E00FB7754 /* Views */ = {
			isa = PBXGroup;
			children = (
				95645679298EE9DA00F162DC /* Components */,
				95770C53298EE20900029310 /* Thread Item Views */,
				95477DEE298EC1DD00FB7754 /* DashboardView.swift */,
				9564567C298EEA4400F162DC /* BundleListView.swift */,
				95477DF2298ECB4C00FB7754 /* BundleDetailView.swift */,
				95D9866629900F0E0061C1CE /* ThreadEditView.swift */,
			);
			path = Views;
			sourceTree = "<group>";
		};
		95477DDE298EBE2700FB7754 /* Models */ = {
			isa = PBXGroup;
			children = (
				95477DF0298EC8FB00FB7754 /* Thread.swift */,
			);
			path = Models;
			sourceTree = "<group>";
		};
		95477DDF298EBE2900FB7754 /* Managers */ = {
			isa = PBXGroup;
			children = (
			);
			path = Managers;
			sourceTree = "<group>";
		};
		95477DE0298EBE3300FB7754 /* Helpers */ = {
			isa = PBXGroup;
			children = (
				95477DE2298EBE4300FB7754 /* Array+repeating.swift */,
				95477DE1298EBE4300FB7754 /* Faker.swift */,
				95477DE3298EBE4300FB7754 /* LoadingState.swift */,
			);
			path = Helpers;
			sourceTree = "<group>";
		};
		95645679298EE9DA00F162DC /* Components */ = {
			isa = PBXGroup;
			children = (
				9564567A298EE9E400F162DC /* ThreadHeader.swift */,
			);
			path = Components;
			sourceTree = "<group>";
		};
		95770C53298EE20900029310 /* Thread Item Views */ = {
			isa = PBXGroup;
			children = (
				95770C54298EE23000029310 /* ThreadItemView+Fact.swift */,
				95770C56298EE29A00029310 /* ThreadItemView+LabeledImage.swift */,
			);
			path = "Thread Item Views";
			sourceTree = "<group>";
		};
/* End PBXGroup section */

/* Begin PBXNativeTarget section */
		95477DBD298EBD6600FB7754 /* PuddlesApp */ = {
			isa = PBXNativeTarget;
			buildConfigurationList = 95477DCC298EBD6800FB7754 /* Build configuration list for PBXNativeTarget "PuddlesApp" */;
			buildPhases = (
				95477DBA298EBD6600FB7754 /* Sources */,
				95477DBB298EBD6600FB7754 /* Frameworks */,
				95477DBC298EBD6600FB7754 /* Resources */,
			);
			buildRules = (
			);
			dependencies = (
			);
			name = PuddlesApp;
			packageProductDependencies = (
				95477DD0298EBDA700FB7754 /* IdentifiedCollections */,
				95477DD3298EBDB500FB7754 /* PreviewDebugTools */,
				95477DD5298EBDB500FB7754 /* Puddles */,
				95477DD8298EBDBF00FB7754 /* AsyncAlgorithms */,
				95477DE8298EBE5000FB7754 /* Fakery */,
			);
			productName = PuddlesApp;
			productReference = 95477DBE298EBD6600FB7754 /* PuddlesApp.app */;
			productType = "com.apple.product-type.application";
		};
/* End PBXNativeTarget section */

/* Begin PBXProject section */
		95477DB6298EBD6600FB7754 /* Project object */ = {
			isa = PBXProject;
			attributes = {
				BuildIndependentTargetsInParallel = 1;
				LastSwiftUpdateCheck = 1420;
				LastUpgradeCheck = 1420;
				TargetAttributes = {
					95477DBD298EBD6600FB7754 = {
						CreatedOnToolsVersion = 14.2;
					};
				};
			};
			buildConfigurationList = 95477DB9298EBD6600FB7754 /* Build configuration list for PBXProject "PuddlesApp" */;
			compatibilityVersion = "Xcode 14.0";
			developmentRegion = en;
			hasScannedForEncodings = 0;
			knownRegions = (
				en,
				Base,
			);
			mainGroup = 95477DB5298EBD6600FB7754;
			packageReferences = (
				95477DCF298EBDA700FB7754 /* XCRemoteSwiftPackageReference "swift-identified-collections" */,
				95477DD2298EBDB500FB7754 /* XCRemoteSwiftPackageReference "Puddles" */,
				95477DD7298EBDBF00FB7754 /* XCRemoteSwiftPackageReference "swift-async-algorithms" */,
				95477DE7298EBE5000FB7754 /* XCRemoteSwiftPackageReference "Fakery" */,
			);
			productRefGroup = 95477DBF298EBD6600FB7754 /* Products */;
			projectDirPath = "";
			projectRoot = "";
			targets = (
				95477DBD298EBD6600FB7754 /* PuddlesApp */,
			);
		};
/* End PBXProject section */

/* Begin PBXResourcesBuildPhase section */
		95477DBC298EBD6600FB7754 /* Resources */ = {
			isa = PBXResourcesBuildPhase;
			buildActionMask = 2147483647;
			files = (
				95477DC9298EBD6800FB7754 /* Preview Assets.xcassets in Resources */,
				95477DC6298EBD6800FB7754 /* Assets.xcassets in Resources */,
			);
			runOnlyForDeploymentPostprocessing = 0;
		};
/* End PBXResourcesBuildPhase section */

/* Begin PBXSourcesBuildPhase section */
		95477DBA298EBD6600FB7754 /* Sources */ = {
			isa = PBXSourcesBuildPhase;
			buildActionMask = 2147483647;
			files = (
				9564567B298EE9E400F162DC /* ThreadHeader.swift in Sources */,
				95770C57298EE29A00029310 /* ThreadItemView+LabeledImage.swift in Sources */,
				95D98669299011B60061C1CE /* ThreadEditNavigator.swift in Sources */,
				95645681298EF21700F162DC /* ThreadDetail.swift in Sources */,
				95477DEF298EC1DD00FB7754 /* DashboardView.swift in Sources */,
				95477DF1298EC8FB00FB7754 /* Thread.swift in Sources */,
				95477DE5298EBE4300FB7754 /* Array+repeating.swift in Sources */,
				95477DE6298EBE4300FB7754 /* LoadingState.swift in Sources */,
				95477DC2298EBD6600FB7754 /* PuddlesApp.swift in Sources */,
				95770C55298EE23000029310 /* ThreadItemView+Fact.swift in Sources */,
				95477DF3298ECB4C00FB7754 /* BundleDetailView.swift in Sources */,
				9564567F298EED9F00F162DC /* ThreadList.swift in Sources */,
				95D9866B29901BC10061C1CE /* ThreadEdit.swift in Sources */,
				95D9866729900F0E0061C1CE /* ThreadEditView.swift in Sources */,
				9564567D298EEA4400F162DC /* BundleListView.swift in Sources */,
				95477DE4298EBE4300FB7754 /* Faker.swift in Sources */,
				95477DED298EBFA900FB7754 /* Dashboard.swift in Sources */,
				95477DEB298EBECB00FB7754 /* AppNavigator.swift in Sources */,
			);
			runOnlyForDeploymentPostprocessing = 0;
		};
/* End PBXSourcesBuildPhase section */

/* Begin XCBuildConfiguration section */
		95477DCA298EBD6800FB7754 /* Debug */ = {
			isa = XCBuildConfiguration;
			buildSettings = {
				ALWAYS_SEARCH_USER_PATHS = NO;
				CLANG_ANALYZER_NONNULL = YES;
				CLANG_ANALYZER_NUMBER_OBJECT_CONVERSION = YES_AGGRESSIVE;
				CLANG_CXX_LANGUAGE_STANDARD = "gnu++20";
				CLANG_ENABLE_MODULES = YES;
				CLANG_ENABLE_OBJC_ARC = YES;
				CLANG_ENABLE_OBJC_WEAK = YES;
				CLANG_WARN_BLOCK_CAPTURE_AUTORELEASING = YES;
				CLANG_WARN_BOOL_CONVERSION = YES;
				CLANG_WARN_COMMA = YES;
				CLANG_WARN_CONSTANT_CONVERSION = YES;
				CLANG_WARN_DEPRECATED_OBJC_IMPLEMENTATIONS = YES;
				CLANG_WARN_DIRECT_OBJC_ISA_USAGE = YES_ERROR;
				CLANG_WARN_DOCUMENTATION_COMMENTS = YES;
				CLANG_WARN_EMPTY_BODY = YES;
				CLANG_WARN_ENUM_CONVERSION = YES;
				CLANG_WARN_INFINITE_RECURSION = YES;
				CLANG_WARN_INT_CONVERSION = YES;
				CLANG_WARN_NON_LITERAL_NULL_CONVERSION = YES;
				CLANG_WARN_OBJC_IMPLICIT_RETAIN_SELF = YES;
				CLANG_WARN_OBJC_LITERAL_CONVERSION = YES;
				CLANG_WARN_OBJC_ROOT_CLASS = YES_ERROR;
				CLANG_WARN_QUOTED_INCLUDE_IN_FRAMEWORK_HEADER = YES;
				CLANG_WARN_RANGE_LOOP_ANALYSIS = YES;
				CLANG_WARN_STRICT_PROTOTYPES = YES;
				CLANG_WARN_SUSPICIOUS_MOVE = YES;
				CLANG_WARN_UNGUARDED_AVAILABILITY = YES_AGGRESSIVE;
				CLANG_WARN_UNREACHABLE_CODE = YES;
				CLANG_WARN__DUPLICATE_METHOD_MATCH = YES;
				COPY_PHASE_STRIP = NO;
				DEBUG_INFORMATION_FORMAT = dwarf;
				ENABLE_STRICT_OBJC_MSGSEND = YES;
				ENABLE_TESTABILITY = YES;
				GCC_C_LANGUAGE_STANDARD = gnu11;
				GCC_DYNAMIC_NO_PIC = NO;
				GCC_NO_COMMON_BLOCKS = YES;
				GCC_OPTIMIZATION_LEVEL = 0;
				GCC_PREPROCESSOR_DEFINITIONS = (
					"DEBUG=1",
					"$(inherited)",
				);
				GCC_WARN_64_TO_32_BIT_CONVERSION = YES;
				GCC_WARN_ABOUT_RETURN_TYPE = YES_ERROR;
				GCC_WARN_UNDECLARED_SELECTOR = YES;
				GCC_WARN_UNINITIALIZED_AUTOS = YES_AGGRESSIVE;
				GCC_WARN_UNUSED_FUNCTION = YES;
				GCC_WARN_UNUSED_VARIABLE = YES;
				IPHONEOS_DEPLOYMENT_TARGET = 16.2;
				MTL_ENABLE_DEBUG_INFO = INCLUDE_SOURCE;
				MTL_FAST_MATH = YES;
				ONLY_ACTIVE_ARCH = YES;
				SDKROOT = iphoneos;
				SWIFT_ACTIVE_COMPILATION_CONDITIONS = DEBUG;
				SWIFT_OPTIMIZATION_LEVEL = "-Onone";
			};
			name = Debug;
		};
		95477DCB298EBD6800FB7754 /* Release */ = {
			isa = XCBuildConfiguration;
			buildSettings = {
				ALWAYS_SEARCH_USER_PATHS = NO;
				CLANG_ANALYZER_NONNULL = YES;
				CLANG_ANALYZER_NUMBER_OBJECT_CONVERSION = YES_AGGRESSIVE;
				CLANG_CXX_LANGUAGE_STANDARD = "gnu++20";
				CLANG_ENABLE_MODULES = YES;
				CLANG_ENABLE_OBJC_ARC = YES;
				CLANG_ENABLE_OBJC_WEAK = YES;
				CLANG_WARN_BLOCK_CAPTURE_AUTORELEASING = YES;
				CLANG_WARN_BOOL_CONVERSION = YES;
				CLANG_WARN_COMMA = YES;
				CLANG_WARN_CONSTANT_CONVERSION = YES;
				CLANG_WARN_DEPRECATED_OBJC_IMPLEMENTATIONS = YES;
				CLANG_WARN_DIRECT_OBJC_ISA_USAGE = YES_ERROR;
				CLANG_WARN_DOCUMENTATION_COMMENTS = YES;
				CLANG_WARN_EMPTY_BODY = YES;
				CLANG_WARN_ENUM_CONVERSION = YES;
				CLANG_WARN_INFINITE_RECURSION = YES;
				CLANG_WARN_INT_CONVERSION = YES;
				CLANG_WARN_NON_LITERAL_NULL_CONVERSION = YES;
				CLANG_WARN_OBJC_IMPLICIT_RETAIN_SELF = YES;
				CLANG_WARN_OBJC_LITERAL_CONVERSION = YES;
				CLANG_WARN_OBJC_ROOT_CLASS = YES_ERROR;
				CLANG_WARN_QUOTED_INCLUDE_IN_FRAMEWORK_HEADER = YES;
				CLANG_WARN_RANGE_LOOP_ANALYSIS = YES;
				CLANG_WARN_STRICT_PROTOTYPES = YES;
				CLANG_WARN_SUSPICIOUS_MOVE = YES;
				CLANG_WARN_UNGUARDED_AVAILABILITY = YES_AGGRESSIVE;
				CLANG_WARN_UNREACHABLE_CODE = YES;
				CLANG_WARN__DUPLICATE_METHOD_MATCH = YES;
				COPY_PHASE_STRIP = NO;
				DEBUG_INFORMATION_FORMAT = "dwarf-with-dsym";
				ENABLE_NS_ASSERTIONS = NO;
				ENABLE_STRICT_OBJC_MSGSEND = YES;
				GCC_C_LANGUAGE_STANDARD = gnu11;
				GCC_NO_COMMON_BLOCKS = YES;
				GCC_WARN_64_TO_32_BIT_CONVERSION = YES;
				GCC_WARN_ABOUT_RETURN_TYPE = YES_ERROR;
				GCC_WARN_UNDECLARED_SELECTOR = YES;
				GCC_WARN_UNINITIALIZED_AUTOS = YES_AGGRESSIVE;
				GCC_WARN_UNUSED_FUNCTION = YES;
				GCC_WARN_UNUSED_VARIABLE = YES;
				IPHONEOS_DEPLOYMENT_TARGET = 16.2;
				MTL_ENABLE_DEBUG_INFO = NO;
				MTL_FAST_MATH = YES;
				SDKROOT = iphoneos;
				SWIFT_COMPILATION_MODE = wholemodule;
				SWIFT_OPTIMIZATION_LEVEL = "-O";
				VALIDATE_PRODUCT = YES;
			};
			name = Release;
		};
		95477DCD298EBD6800FB7754 /* Debug */ = {
			isa = XCBuildConfiguration;
			buildSettings = {
				ASSETCATALOG_COMPILER_APPICON_NAME = AppIcon;
				ASSETCATALOG_COMPILER_GLOBAL_ACCENT_COLOR_NAME = AccentColor;
				CODE_SIGN_STYLE = Automatic;
				CURRENT_PROJECT_VERSION = 1;
				DEVELOPMENT_ASSET_PATHS = "\"PuddlesApp/Preview Content\"";
				DEVELOPMENT_TEAM = 7F6BJZY5B3;
				ENABLE_PREVIEWS = YES;
				GENERATE_INFOPLIST_FILE = YES;
				INFOPLIST_FILE = PuddlesApp/Info.plist;
				INFOPLIST_KEY_UIApplicationSceneManifest_Generation = YES;
				INFOPLIST_KEY_UIApplicationSupportsIndirectInputEvents = YES;
				INFOPLIST_KEY_UILaunchScreen_Generation = YES;
				INFOPLIST_KEY_UISupportedInterfaceOrientations_iPad = "UIInterfaceOrientationPortrait UIInterfaceOrientationPortraitUpsideDown UIInterfaceOrientationLandscapeLeft UIInterfaceOrientationLandscapeRight";
				INFOPLIST_KEY_UISupportedInterfaceOrientations_iPhone = "UIInterfaceOrientationPortrait UIInterfaceOrientationLandscapeLeft UIInterfaceOrientationLandscapeRight";
				LD_RUNPATH_SEARCH_PATHS = (
					"$(inherited)",
					"@executable_path/Frameworks",
				);
				MARKETING_VERSION = 1.0;
				PRODUCT_BUNDLE_IDENTIFIER = com.swiftedMind.PuddlesApp;
				PRODUCT_NAME = "$(TARGET_NAME)";
				SWIFT_EMIT_LOC_STRINGS = YES;
				SWIFT_VERSION = 5.0;
				TARGETED_DEVICE_FAMILY = "1,2";
			};
			name = Debug;
		};
		95477DCE298EBD6800FB7754 /* Release */ = {
			isa = XCBuildConfiguration;
			buildSettings = {
				ASSETCATALOG_COMPILER_APPICON_NAME = AppIcon;
				ASSETCATALOG_COMPILER_GLOBAL_ACCENT_COLOR_NAME = AccentColor;
				CODE_SIGN_STYLE = Automatic;
				CURRENT_PROJECT_VERSION = 1;
				DEVELOPMENT_ASSET_PATHS = "\"PuddlesApp/Preview Content\"";
				DEVELOPMENT_TEAM = 7F6BJZY5B3;
				ENABLE_PREVIEWS = YES;
				GENERATE_INFOPLIST_FILE = YES;
				INFOPLIST_FILE = PuddlesApp/Info.plist;
				INFOPLIST_KEY_UIApplicationSceneManifest_Generation = YES;
				INFOPLIST_KEY_UIApplicationSupportsIndirectInputEvents = YES;
				INFOPLIST_KEY_UILaunchScreen_Generation = YES;
				INFOPLIST_KEY_UISupportedInterfaceOrientations_iPad = "UIInterfaceOrientationPortrait UIInterfaceOrientationPortraitUpsideDown UIInterfaceOrientationLandscapeLeft UIInterfaceOrientationLandscapeRight";
				INFOPLIST_KEY_UISupportedInterfaceOrientations_iPhone = "UIInterfaceOrientationPortrait UIInterfaceOrientationLandscapeLeft UIInterfaceOrientationLandscapeRight";
				LD_RUNPATH_SEARCH_PATHS = (
					"$(inherited)",
					"@executable_path/Frameworks",
				);
				MARKETING_VERSION = 1.0;
				PRODUCT_BUNDLE_IDENTIFIER = com.swiftedMind.PuddlesApp;
				PRODUCT_NAME = "$(TARGET_NAME)";
				SWIFT_EMIT_LOC_STRINGS = YES;
				SWIFT_VERSION = 5.0;
				TARGETED_DEVICE_FAMILY = "1,2";
			};
			name = Release;
		};
/* End XCBuildConfiguration section */

/* Begin XCConfigurationList section */
		95477DB9298EBD6600FB7754 /* Build configuration list for PBXProject "PuddlesApp" */ = {
			isa = XCConfigurationList;
			buildConfigurations = (
				95477DCA298EBD6800FB7754 /* Debug */,
				95477DCB298EBD6800FB7754 /* Release */,
			);
			defaultConfigurationIsVisible = 0;
			defaultConfigurationName = Release;
		};
		95477DCC298EBD6800FB7754 /* Build configuration list for PBXNativeTarget "PuddlesApp" */ = {
			isa = XCConfigurationList;
			buildConfigurations = (
				95477DCD298EBD6800FB7754 /* Debug */,
				95477DCE298EBD6800FB7754 /* Release */,
			);
			defaultConfigurationIsVisible = 0;
			defaultConfigurationName = Release;
		};
/* End XCConfigurationList section */

/* Begin XCRemoteSwiftPackageReference section */
		95477DCF298EBDA700FB7754 /* XCRemoteSwiftPackageReference "swift-identified-collections" */ = {
			isa = XCRemoteSwiftPackageReference;
			repositoryURL = "https://github.com/pointfreeco/swift-identified-collections";
			requirement = {
				branch = main;
				kind = branch;
			};
		};
		95477DD2298EBDB500FB7754 /* XCRemoteSwiftPackageReference "Puddles" */ = {
			isa = XCRemoteSwiftPackageReference;
			repositoryURL = "https://github.com/SwiftedMind/Puddles";
			requirement = {
				branch = main;
				kind = branch;
			};
		};
		95477DD7298EBDBF00FB7754 /* XCRemoteSwiftPackageReference "swift-async-algorithms" */ = {
			isa = XCRemoteSwiftPackageReference;
			repositoryURL = "https://github.com/apple/swift-async-algorithms";
			requirement = {
				branch = main;
				kind = branch;
			};
		};
		95477DE7298EBE5000FB7754 /* XCRemoteSwiftPackageReference "Fakery" */ = {
			isa = XCRemoteSwiftPackageReference;
			repositoryURL = "https://github.com/vadymmarkov/Fakery";
			requirement = {
				kind = upToNextMajorVersion;
				minimumVersion = 5.0.0;
			};
		};
/* End XCRemoteSwiftPackageReference section */

/* Begin XCSwiftPackageProductDependency section */
		95477DD0298EBDA700FB7754 /* IdentifiedCollections */ = {
			isa = XCSwiftPackageProductDependency;
			package = 95477DCF298EBDA700FB7754 /* XCRemoteSwiftPackageReference "swift-identified-collections" */;
			productName = IdentifiedCollections;
		};
		95477DD3298EBDB500FB7754 /* PreviewDebugTools */ = {
			isa = XCSwiftPackageProductDependency;
			package = 95477DD2298EBDB500FB7754 /* XCRemoteSwiftPackageReference "Puddles" */;
			productName = PreviewDebugTools;
		};
		95477DD5298EBDB500FB7754 /* Puddles */ = {
			isa = XCSwiftPackageProductDependency;
			package = 95477DD2298EBDB500FB7754 /* XCRemoteSwiftPackageReference "Puddles" */;
			productName = Puddles;
		};
		95477DD8298EBDBF00FB7754 /* AsyncAlgorithms */ = {
			isa = XCSwiftPackageProductDependency;
			package = 95477DD7298EBDBF00FB7754 /* XCRemoteSwiftPackageReference "swift-async-algorithms" */;
			productName = AsyncAlgorithms;
		};
		95477DE8298EBE5000FB7754 /* Fakery */ = {
			isa = XCSwiftPackageProductDependency;
			package = 95477DE7298EBE5000FB7754 /* XCRemoteSwiftPackageReference "Fakery" */;
			productName = Fakery;
		};
/* End XCSwiftPackageProductDependency section */
	};
	rootObject = 95477DB6298EBD6600FB7754 /* Project object */;
}
